// !$*UTF8*$!
{
	archiveVersion = 1;
	classes = {
	};
	objectVersion = 56;
	objects = {

/* Begin PBXBuildFile section */
		D5C51C4D2C6C0FEF007D8A3D /* FigmaChallengeApp.swift in Sources */ = {isa = PBXBuildFile; fileRef = D5C51C4C2C6C0FEF007D8A3D /* FigmaChallengeApp.swift */; };
		D5C51C4F2C6C0FEF007D8A3D /* ContentView.swift in Sources */ = {isa = PBXBuildFile; fileRef = D5C51C4E2C6C0FEF007D8A3D /* ContentView.swift */; };
		D5C51C512C6C0FF1007D8A3D /* Assets.xcassets in Resources */ = {isa = PBXBuildFile; fileRef = D5C51C502C6C0FF1007D8A3D /* Assets.xcassets */; };
		D5C51C542C6C0FF1007D8A3D /* Preview Assets.xcassets in Resources */ = {isa = PBXBuildFile; fileRef = D5C51C532C6C0FF1007D8A3D /* Preview Assets.xcassets */; };
		D5C51C5E2C6C0FF1007D8A3D /* FigmaChallengeTests.swift in Sources */ = {isa = PBXBuildFile; fileRef = D5C51C5D2C6C0FF1007D8A3D /* FigmaChallengeTests.swift */; };
		D5C51C682C6C0FF1007D8A3D /* FigmaChallengeUITests.swift in Sources */ = {isa = PBXBuildFile; fileRef = D5C51C672C6C0FF1007D8A3D /* FigmaChallengeUITests.swift */; };
		D5C51C6A2C6C0FF1007D8A3D /* FigmaChallengeUITestsLaunchTests.swift in Sources */ = {isa = PBXBuildFile; fileRef = D5C51C692C6C0FF1007D8A3D /* FigmaChallengeUITestsLaunchTests.swift */; };
		D5C51C792C6C249C007D8A3D /* CustomSliderView.swift in Sources */ = {isa = PBXBuildFile; fileRef = D5C51C782C6C249C007D8A3D /* CustomSliderView.swift */; };
		D5C51C7B2C6C2912007D8A3D /* SemiCircumferenceShape.swift in Sources */ = {isa = PBXBuildFile; fileRef = D5C51C7A2C6C2912007D8A3D /* SemiCircumferenceShape.swift */; };
		D5C51CB62C6D194E007D8A3D /* Inter.ttf in Resources */ = {isa = PBXBuildFile; fileRef = D5C51CB52C6D192C007D8A3D /* Inter.ttf */; };
		D5C51CB92C6D4B1F007D8A3D /* Poppins-Medium.ttf in Resources */ = {isa = PBXBuildFile; fileRef = D5C51CB82C6D4B1F007D8A3D /* Poppins-Medium.ttf */; };
/* End PBXBuildFile section */

/* Begin PBXContainerItemProxy section */
		D5C51C5A2C6C0FF1007D8A3D /* PBXContainerItemProxy */ = {
			isa = PBXContainerItemProxy;
			containerPortal = D5C51C412C6C0FEF007D8A3D /* Project object */;
			proxyType = 1;
			remoteGlobalIDString = D5C51C482C6C0FEF007D8A3D;
			remoteInfo = FigmaChallenge;
		};
		D5C51C642C6C0FF1007D8A3D /* PBXContainerItemProxy */ = {
			isa = PBXContainerItemProxy;
			containerPortal = D5C51C412C6C0FEF007D8A3D /* Project object */;
			proxyType = 1;
			remoteGlobalIDString = D5C51C482C6C0FEF007D8A3D;
			remoteInfo = FigmaChallenge;
		};
/* End PBXContainerItemProxy section */

/* Begin PBXFileReference section */
		D5C51C492C6C0FEF007D8A3D /* FigmaChallenge.app */ = {isa = PBXFileReference; explicitFileType = wrapper.application; includeInIndex = 0; path = FigmaChallenge.app; sourceTree = BUILT_PRODUCTS_DIR; };
		D5C51C4C2C6C0FEF007D8A3D /* FigmaChallengeApp.swift */ = {isa = PBXFileReference; lastKnownFileType = sourcecode.swift; path = FigmaChallengeApp.swift; sourceTree = "<group>"; };
		D5C51C4E2C6C0FEF007D8A3D /* ContentView.swift */ = {isa = PBXFileReference; lastKnownFileType = sourcecode.swift; path = ContentView.swift; sourceTree = "<group>"; };
		D5C51C502C6C0FF1007D8A3D /* Assets.xcassets */ = {isa = PBXFileReference; lastKnownFileType = folder.assetcatalog; path = Assets.xcassets; sourceTree = "<group>"; };
		D5C51C532C6C0FF1007D8A3D /* Preview Assets.xcassets */ = {isa = PBXFileReference; lastKnownFileType = folder.assetcatalog; path = "Preview Assets.xcassets"; sourceTree = "<group>"; };
		D5C51C592C6C0FF1007D8A3D /* FigmaChallengeTests.xctest */ = {isa = PBXFileReference; explicitFileType = wrapper.cfbundle; includeInIndex = 0; path = FigmaChallengeTests.xctest; sourceTree = BUILT_PRODUCTS_DIR; };
		D5C51C5D2C6C0FF1007D8A3D /* FigmaChallengeTests.swift */ = {isa = PBXFileReference; lastKnownFileType = sourcecode.swift; path = FigmaChallengeTests.swift; sourceTree = "<group>"; };
		D5C51C632C6C0FF1007D8A3D /* FigmaChallengeUITests.xctest */ = {isa = PBXFileReference; explicitFileType = wrapper.cfbundle; includeInIndex = 0; path = FigmaChallengeUITests.xctest; sourceTree = BUILT_PRODUCTS_DIR; };
		D5C51C672C6C0FF1007D8A3D /* FigmaChallengeUITests.swift */ = {isa = PBXFileReference; lastKnownFileType = sourcecode.swift; path = FigmaChallengeUITests.swift; sourceTree = "<group>"; };
		D5C51C692C6C0FF1007D8A3D /* FigmaChallengeUITestsLaunchTests.swift */ = {isa = PBXFileReference; lastKnownFileType = sourcecode.swift; path = FigmaChallengeUITestsLaunchTests.swift; sourceTree = "<group>"; };
		D5C51C782C6C249C007D8A3D /* CustomSliderView.swift */ = {isa = PBXFileReference; lastKnownFileType = sourcecode.swift; path = CustomSliderView.swift; sourceTree = "<group>"; };
		D5C51C7A2C6C2912007D8A3D /* SemiCircumferenceShape.swift */ = {isa = PBXFileReference; lastKnownFileType = sourcecode.swift; path = SemiCircumferenceShape.swift; sourceTree = "<group>"; };
		D5C51CB52C6D192C007D8A3D /* Inter.ttf */ = {isa = PBXFileReference; lastKnownFileType = file; path = Inter.ttf; sourceTree = "<group>"; };
		D5C51CB72C6D196E007D8A3D /* Info.plist */ = {isa = PBXFileReference; lastKnownFileType = text.plist; path = Info.plist; sourceTree = "<group>"; };
		D5C51CB82C6D4B1F007D8A3D /* Poppins-Medium.ttf */ = {isa = PBXFileReference; lastKnownFileType = file; path = "Poppins-Medium.ttf"; sourceTree = "<group>"; };
/* End PBXFileReference section */

/* Begin PBXFrameworksBuildPhase section */
		D5C51C462C6C0FEF007D8A3D /* Frameworks */ = {
			isa = PBXFrameworksBuildPhase;
			buildActionMask = 2147483647;
			files = (
			);
			runOnlyForDeploymentPostprocessing = 0;
		};
		D5C51C562C6C0FF1007D8A3D /* Frameworks */ = {
			isa = PBXFrameworksBuildPhase;
			buildActionMask = 2147483647;
			files = (
			);
			runOnlyForDeploymentPostprocessing = 0;
		};
		D5C51C602C6C0FF1007D8A3D /* Frameworks */ = {
			isa = PBXFrameworksBuildPhase;
			buildActionMask = 2147483647;
			files = (
			);
			runOnlyForDeploymentPostprocessing = 0;
		};
/* End PBXFrameworksBuildPhase section */

/* Begin PBXGroup section */
		D5C51C402C6C0FEF007D8A3D = {
			isa = PBXGroup;
			children = (
				D5C51C4B2C6C0FEF007D8A3D /* FigmaChallenge */,
				D5C51C5C2C6C0FF1007D8A3D /* FigmaChallengeTests */,
				D5C51C662C6C0FF1007D8A3D /* FigmaChallengeUITests */,
				D5C51C4A2C6C0FEF007D8A3D /* Products */,
			);
			sourceTree = "<group>";
		};
		D5C51C4A2C6C0FEF007D8A3D /* Products */ = {
			isa = PBXGroup;
			children = (
				D5C51C492C6C0FEF007D8A3D /* FigmaChallenge.app */,
				D5C51C592C6C0FF1007D8A3D /* FigmaChallengeTests.xctest */,
				D5C51C632C6C0FF1007D8A3D /* FigmaChallengeUITests.xctest */,
			);
			name = Products;
			sourceTree = "<group>";
		};
		D5C51C4B2C6C0FEF007D8A3D /* FigmaChallenge */ = {
			isa = PBXGroup;
			children = (
				D5C51CB72C6D196E007D8A3D /* Info.plist */,
				D5C51C7C2C6D17FB007D8A3D /* Resources */,
				D5C51C4C2C6C0FEF007D8A3D /* FigmaChallengeApp.swift */,
				D5C51C4E2C6C0FEF007D8A3D /* ContentView.swift */,
				D5C51C782C6C249C007D8A3D /* CustomSliderView.swift */,
				D5C51C7A2C6C2912007D8A3D /* SemiCircumferenceShape.swift */,
				D5C51C522C6C0FF1007D8A3D /* Preview Content */,
			);
			path = FigmaChallenge;
			sourceTree = "<group>";
		};
		D5C51C522C6C0FF1007D8A3D /* Preview Content */ = {
			isa = PBXGroup;
			children = (
				D5C51C532C6C0FF1007D8A3D /* Preview Assets.xcassets */,
			);
			path = "Preview Content";
			sourceTree = "<group>";
		};
		D5C51C5C2C6C0FF1007D8A3D /* FigmaChallengeTests */ = {
			isa = PBXGroup;
			children = (
				D5C51C5D2C6C0FF1007D8A3D /* FigmaChallengeTests.swift */,
			);
			path = FigmaChallengeTests;
			sourceTree = "<group>";
		};
		D5C51C662C6C0FF1007D8A3D /* FigmaChallengeUITests */ = {
			isa = PBXGroup;
			children = (
				D5C51C672C6C0FF1007D8A3D /* FigmaChallengeUITests.swift */,
				D5C51C692C6C0FF1007D8A3D /* FigmaChallengeUITestsLaunchTests.swift */,
			);
			path = FigmaChallengeUITests;
			sourceTree = "<group>";
		};
		D5C51C7C2C6D17FB007D8A3D /* Resources */ = {
			isa = PBXGroup;
			children = (
				D5C51CB52C6D192C007D8A3D /* Inter.ttf */,
				D5C51CB82C6D4B1F007D8A3D /* Poppins-Medium.ttf */,
				D5C51C502C6C0FF1007D8A3D /* Assets.xcassets */,
			);
			path = Resources;
			sourceTree = "<group>";
		};
/* End PBXGroup section */

/* Begin PBXNativeTarget section */
		D5C51C482C6C0FEF007D8A3D /* FigmaChallenge */ = {
			isa = PBXNativeTarget;
			buildConfigurationList = D5C51C6D2C6C0FF1007D8A3D /* Build configuration list for PBXNativeTarget "FigmaChallenge" */;
			buildPhases = (
				D5C51C452C6C0FEF007D8A3D /* Sources */,
				D5C51C462C6C0FEF007D8A3D /* Frameworks */,
				D5C51C472C6C0FEF007D8A3D /* Resources */,
			);
			buildRules = (
			);
			dependencies = (
			);
			name = FigmaChallenge;
			productName = FigmaChallenge;
			productReference = D5C51C492C6C0FEF007D8A3D /* FigmaChallenge.app */;
			productType = "com.apple.product-type.application";
		};
		D5C51C582C6C0FF1007D8A3D /* FigmaChallengeTests */ = {
			isa = PBXNativeTarget;
			buildConfigurationList = D5C51C702C6C0FF1007D8A3D /* Build configuration list for PBXNativeTarget "FigmaChallengeTests" */;
			buildPhases = (
				D5C51C552C6C0FF1007D8A3D /* Sources */,
				D5C51C562C6C0FF1007D8A3D /* Frameworks */,
				D5C51C572C6C0FF1007D8A3D /* Resources */,
			);
			buildRules = (
			);
			dependencies = (
				D5C51C5B2C6C0FF1007D8A3D /* PBXTargetDependency */,
			);
			name = FigmaChallengeTests;
			productName = FigmaChallengeTests;
			productReference = D5C51C592C6C0FF1007D8A3D /* FigmaChallengeTests.xctest */;
			productType = "com.apple.product-type.bundle.unit-test";
		};
		D5C51C622C6C0FF1007D8A3D /* FigmaChallengeUITests */ = {
			isa = PBXNativeTarget;
			buildConfigurationList = D5C51C732C6C0FF1007D8A3D /* Build configuration list for PBXNativeTarget "FigmaChallengeUITests" */;
			buildPhases = (
				D5C51C5F2C6C0FF1007D8A3D /* Sources */,
				D5C51C602C6C0FF1007D8A3D /* Frameworks */,
				D5C51C612C6C0FF1007D8A3D /* Resources */,
			);
			buildRules = (
			);
			dependencies = (
				D5C51C652C6C0FF1007D8A3D /* PBXTargetDependency */,
			);
			name = FigmaChallengeUITests;
			productName = FigmaChallengeUITests;
			productReference = D5C51C632C6C0FF1007D8A3D /* FigmaChallengeUITests.xctest */;
			productType = "com.apple.product-type.bundle.ui-testing";
		};
/* End PBXNativeTarget section */

/* Begin PBXProject section */
		D5C51C412C6C0FEF007D8A3D /* Project object */ = {
			isa = PBXProject;
			attributes = {
				BuildIndependentTargetsInParallel = 1;
				LastSwiftUpdateCheck = 1540;
				LastUpgradeCheck = 1540;
				TargetAttributes = {
					D5C51C482C6C0FEF007D8A3D = {
						CreatedOnToolsVersion = 15.4;
					};
					D5C51C582C6C0FF1007D8A3D = {
						CreatedOnToolsVersion = 15.4;
						TestTargetID = D5C51C482C6C0FEF007D8A3D;
					};
					D5C51C622C6C0FF1007D8A3D = {
						CreatedOnToolsVersion = 15.4;
						TestTargetID = D5C51C482C6C0FEF007D8A3D;
					};
				};
			};
			buildConfigurationList = D5C51C442C6C0FEF007D8A3D /* Build configuration list for PBXProject "FigmaChallenge" */;
			compatibilityVersion = "Xcode 14.0";
			developmentRegion = en;
			hasScannedForEncodings = 0;
			knownRegions = (
				en,
				Base,
			);
			mainGroup = D5C51C402C6C0FEF007D8A3D;
			productRefGroup = D5C51C4A2C6C0FEF007D8A3D /* Products */;
			projectDirPath = "";
			projectRoot = "";
			targets = (
				D5C51C482C6C0FEF007D8A3D /* FigmaChallenge */,
				D5C51C582C6C0FF1007D8A3D /* FigmaChallengeTests */,
				D5C51C622C6C0FF1007D8A3D /* FigmaChallengeUITests */,
			);
		};
/* End PBXProject section */

/* Begin PBXResourcesBuildPhase section */
		D5C51C472C6C0FEF007D8A3D /* Resources */ = {
			isa = PBXResourcesBuildPhase;
			buildActionMask = 2147483647;
			files = (
				D5C51C542C6C0FF1007D8A3D /* Preview Assets.xcassets in Resources */,
				D5C51CB92C6D4B1F007D8A3D /* Poppins-Medium.ttf in Resources */,
				D5C51CB62C6D194E007D8A3D /* Inter.ttf in Resources */,
				D5C51C512C6C0FF1007D8A3D /* Assets.xcassets in Resources */,
			);
			runOnlyForDeploymentPostprocessing = 0;
		};
		D5C51C572C6C0FF1007D8A3D /* Resources */ = {
			isa = PBXResourcesBuildPhase;
			buildActionMask = 2147483647;
			files = (
			);
			runOnlyForDeploymentPostprocessing = 0;
		};
		D5C51C612C6C0FF1007D8A3D /* Resources */ = {
			isa = PBXResourcesBuildPhase;
			buildActionMask = 2147483647;
			files = (
			);
			runOnlyForDeploymentPostprocessing = 0;
		};
/* End PBXResourcesBuildPhase section */

/* Begin PBXSourcesBuildPhase section */
		D5C51C452C6C0FEF007D8A3D /* Sources */ = {
			isa = PBXSourcesBuildPhase;
			buildActionMask = 2147483647;
			files = (
				D5C51C4F2C6C0FEF007D8A3D /* ContentView.swift in Sources */,
				D5C51C7B2C6C2912007D8A3D /* SemiCircumferenceShape.swift in Sources */,
				D5C51C4D2C6C0FEF007D8A3D /* FigmaChallengeApp.swift in Sources */,
				D5C51C792C6C249C007D8A3D /* CustomSliderView.swift in Sources */,
			);
			runOnlyForDeploymentPostprocessing = 0;
		};
		D5C51C552C6C0FF1007D8A3D /* Sources */ = {
			isa = PBXSourcesBuildPhase;
			buildActionMask = 2147483647;
			files = (
				D5C51C5E2C6C0FF1007D8A3D /* FigmaChallengeTests.swift in Sources */,
			);
			runOnlyForDeploymentPostprocessing = 0;
		};
		D5C51C5F2C6C0FF1007D8A3D /* Sources */ = {
			isa = PBXSourcesBuildPhase;
			buildActionMask = 2147483647;
			files = (
				D5C51C682C6C0FF1007D8A3D /* FigmaChallengeUITests.swift in Sources */,
				D5C51C6A2C6C0FF1007D8A3D /* FigmaChallengeUITestsLaunchTests.swift in Sources */,
			);
			runOnlyForDeploymentPostprocessing = 0;
		};
/* End PBXSourcesBuildPhase section */

/* Begin PBXTargetDependency section */
		D5C51C5B2C6C0FF1007D8A3D /* PBXTargetDependency */ = {
			isa = PBXTargetDependency;
			target = D5C51C482C6C0FEF007D8A3D /* FigmaChallenge */;
			targetProxy = D5C51C5A2C6C0FF1007D8A3D /* PBXContainerItemProxy */;
		};
		D5C51C652C6C0FF1007D8A3D /* PBXTargetDependency */ = {
			isa = PBXTargetDependency;
			target = D5C51C482C6C0FEF007D8A3D /* FigmaChallenge */;
			targetProxy = D5C51C642C6C0FF1007D8A3D /* PBXContainerItemProxy */;
		};
/* End PBXTargetDependency section */

/* Begin XCBuildConfiguration section */
		D5C51C6B2C6C0FF1007D8A3D /* Debug */ = {
			isa = XCBuildConfiguration;
			buildSettings = {
				ALWAYS_SEARCH_USER_PATHS = NO;
				ASSETCATALOG_COMPILER_GENERATE_SWIFT_ASSET_SYMBOL_EXTENSIONS = YES;
				CLANG_ANALYZER_NONNULL = YES;
				CLANG_ANALYZER_NUMBER_OBJECT_CONVERSION = YES_AGGRESSIVE;
				CLANG_CXX_LANGUAGE_STANDARD = "gnu++20";
				CLANG_ENABLE_MODULES = YES;
				CLANG_ENABLE_OBJC_ARC = YES;
				CLANG_ENABLE_OBJC_WEAK = YES;
				CLANG_WARN_BLOCK_CAPTURE_AUTORELEASING = YES;
				CLANG_WARN_BOOL_CONVERSION = YES;
				CLANG_WARN_COMMA = YES;
				CLANG_WARN_CONSTANT_CONVERSION = YES;
				CLANG_WARN_DEPRECATED_OBJC_IMPLEMENTATIONS = YES;
				CLANG_WARN_DIRECT_OBJC_ISA_USAGE = YES_ERROR;
				CLANG_WARN_DOCUMENTATION_COMMENTS = YES;
				CLANG_WARN_EMPTY_BODY = YES;
				CLANG_WARN_ENUM_CONVERSION = YES;
				CLANG_WARN_INFINITE_RECURSION = YES;
				CLANG_WARN_INT_CONVERSION = YES;
				CLANG_WARN_NON_LITERAL_NULL_CONVERSION = YES;
				CLANG_WARN_OBJC_IMPLICIT_RETAIN_SELF = YES;
				CLANG_WARN_OBJC_LITERAL_CONVERSION = YES;
				CLANG_WARN_OBJC_ROOT_CLASS = YES_ERROR;
				CLANG_WARN_QUOTED_INCLUDE_IN_FRAMEWORK_HEADER = YES;
				CLANG_WARN_RANGE_LOOP_ANALYSIS = YES;
				CLANG_WARN_STRICT_PROTOTYPES = YES;
				CLANG_WARN_SUSPICIOUS_MOVE = YES;
				CLANG_WARN_UNGUARDED_AVAILABILITY = YES_AGGRESSIVE;
				CLANG_WARN_UNREACHABLE_CODE = YES;
				CLANG_WARN__DUPLICATE_METHOD_MATCH = YES;
				COPY_PHASE_STRIP = NO;
				DEBUG_INFORMATION_FORMAT = dwarf;
				ENABLE_STRICT_OBJC_MSGSEND = YES;
				ENABLE_TESTABILITY = YES;
				ENABLE_USER_SCRIPT_SANDBOXING = YES;
				GCC_C_LANGUAGE_STANDARD = gnu17;
				GCC_DYNAMIC_NO_PIC = NO;
				GCC_NO_COMMON_BLOCKS = YES;
				GCC_OPTIMIZATION_LEVEL = 0;
				GCC_PREPROCESSOR_DEFINITIONS = (
					"DEBUG=1",
					"$(inherited)",
				);
				GCC_WARN_64_TO_32_BIT_CONVERSION = YES;
				GCC_WARN_ABOUT_RETURN_TYPE = YES_ERROR;
				GCC_WARN_UNDECLARED_SELECTOR = YES;
				GCC_WARN_UNINITIALIZED_AUTOS = YES_AGGRESSIVE;
				GCC_WARN_UNUSED_FUNCTION = YES;
				GCC_WARN_UNUSED_VARIABLE = YES;
				IPHONEOS_DEPLOYMENT_TARGET = 17.5;
				LOCALIZATION_PREFERS_STRING_CATALOGS = YES;
				MTL_ENABLE_DEBUG_INFO = INCLUDE_SOURCE;
				MTL_FAST_MATH = YES;
				ONLY_ACTIVE_ARCH = YES;
				SDKROOT = iphoneos;
				SWIFT_ACTIVE_COMPILATION_CONDITIONS = "DEBUG $(inherited)";
				SWIFT_OPTIMIZATION_LEVEL = "-Onone";
			};
			name = Debug;
		};
		D5C51C6C2C6C0FF1007D8A3D /* Release */ = {
			isa = XCBuildConfiguration;
			buildSettings = {
				ALWAYS_SEARCH_USER_PATHS = NO;
				ASSETCATALOG_COMPILER_GENERATE_SWIFT_ASSET_SYMBOL_EXTENSIONS = YES;
				CLANG_ANALYZER_NONNULL = YES;
				CLANG_ANALYZER_NUMBER_OBJECT_CONVERSION = YES_AGGRESSIVE;
				CLANG_CXX_LANGUAGE_STANDARD = "gnu++20";
				CLANG_ENABLE_MODULES = YES;
				CLANG_ENABLE_OBJC_ARC = YES;
				CLANG_ENABLE_OBJC_WEAK = YES;
				CLANG_WARN_BLOCK_CAPTURE_AUTORELEASING = YES;
				CLANG_WARN_BOOL_CONVERSION = YES;
				CLANG_WARN_COMMA = YES;
				CLANG_WARN_CONSTANT_CONVERSION = YES;
				CLANG_WARN_DEPRECATED_OBJC_IMPLEMENTATIONS = YES;
				CLANG_WARN_DIRECT_OBJC_ISA_USAGE = YES_ERROR;
				CLANG_WARN_DOCUMENTATION_COMMENTS = YES;
				CLANG_WARN_EMPTY_BODY = YES;
				CLANG_WARN_ENUM_CONVERSION = YES;
				CLANG_WARN_INFINITE_RECURSION = YES;
				CLANG_WARN_INT_CONVERSION = YES;
				CLANG_WARN_NON_LITERAL_NULL_CONVERSION = YES;
				CLANG_WARN_OBJC_IMPLICIT_RETAIN_SELF = YES;
				CLANG_WARN_OBJC_LITERAL_CONVERSION = YES;
				CLANG_WARN_OBJC_ROOT_CLASS = YES_ERROR;
				CLANG_WARN_QUOTED_INCLUDE_IN_FRAMEWORK_HEADER = YES;
				CLANG_WARN_RANGE_LOOP_ANALYSIS = YES;
				CLANG_WARN_STRICT_PROTOTYPES = YES;
				CLANG_WARN_SUSPICIOUS_MOVE = YES;
				CLANG_WARN_UNGUARDED_AVAILABILITY = YES_AGGRESSIVE;
				CLANG_WARN_UNREACHABLE_CODE = YES;
				CLANG_WARN__DUPLICATE_METHOD_MATCH = YES;
				COPY_PHASE_STRIP = NO;
				DEBUG_INFORMATION_FORMAT = "dwarf-with-dsym";
				ENABLE_NS_ASSERTIONS = NO;
				ENABLE_STRICT_OBJC_MSGSEND = YES;
				ENABLE_USER_SCRIPT_SANDBOXING = YES;
				GCC_C_LANGUAGE_STANDARD = gnu17;
				GCC_NO_COMMON_BLOCKS = YES;
				GCC_WARN_64_TO_32_BIT_CONVERSION = YES;
				GCC_WARN_ABOUT_RETURN_TYPE = YES_ERROR;
				GCC_WARN_UNDECLARED_SELECTOR = YES;
				GCC_WARN_UNINITIALIZED_AUTOS = YES_AGGRESSIVE;
				GCC_WARN_UNUSED_FUNCTION = YES;
				GCC_WARN_UNUSED_VARIABLE = YES;
				IPHONEOS_DEPLOYMENT_TARGET = 17.5;
				LOCALIZATION_PREFERS_STRING_CATALOGS = YES;
				MTL_ENABLE_DEBUG_INFO = NO;
				MTL_FAST_MATH = YES;
				SDKROOT = iphoneos;
				SWIFT_COMPILATION_MODE = wholemodule;
				VALIDATE_PRODUCT = YES;
			};
			name = Release;
		};
		D5C51C6E2C6C0FF1007D8A3D /* Debug */ = {
			isa = XCBuildConfiguration;
			buildSettings = {
				ASSETCATALOG_COMPILER_APPICON_NAME = AppIcon;
				ASSETCATALOG_COMPILER_GLOBAL_ACCENT_COLOR_NAME = AccentColor;
				CODE_SIGN_STYLE = Automatic;
				CURRENT_PROJECT_VERSION = 1;
				DEVELOPMENT_ASSET_PATHS = "\"FigmaChallenge/Preview Content\"";
				DEVELOPMENT_TEAM = 9Y77YPRNV3;
				ENABLE_PREVIEWS = YES;
				GENERATE_INFOPLIST_FILE = YES;
				INFOPLIST_FILE = FigmaChallenge/Info.plist;
				INFOPLIST_KEY_UIApplicationSceneManifest_Generation = YES;
				INFOPLIST_KEY_UIApplicationSupportsIndirectInputEvents = YES;
				INFOPLIST_KEY_UILaunchScreen_Generation = YES;
				INFOPLIST_KEY_UISupportedInterfaceOrientations_iPad = "UIInterfaceOrientationPortrait UIInterfaceOrientationPortraitUpsideDown UIInterfaceOrientationLandscapeLeft UIInterfaceOrientationLandscapeRight";
				INFOPLIST_KEY_UISupportedInterfaceOrientations_iPhone = "UIInterfaceOrientationPortrait UIInterfaceOrientationLandscapeLeft UIInterfaceOrientationLandscapeRight";
				LD_RUNPATH_SEARCH_PATHS = (
					"$(inherited)",
					"@executable_path/Frameworks",
				);
				MARKETING_VERSION = 1.0;
				PRODUCT_BUNDLE_IDENTIFIER = com.deboralage.FigmaChallenge;
				PRODUCT_NAME = "$(TARGET_NAME)";
				SWIFT_EMIT_LOC_STRINGS = YES;
				SWIFT_VERSION = 5.0;
				TARGETED_DEVICE_FAMILY = "1,2";
			};
			name = Debug;
		};
		D5C51C6F2C6C0FF1007D8A3D /* Release */ = {
			isa = XCBuildConfiguration;
			buildSettings = {
				ASSETCATALOG_COMPILER_APPICON_NAME = AppIcon;
				ASSETCATALOG_COMPILER_GLOBAL_ACCENT_COLOR_NAME = AccentColor;
				CODE_SIGN_STYLE = Automatic;
				CURRENT_PROJECT_VERSION = 1;
				DEVELOPMENT_ASSET_PATHS = "\"FigmaChallenge/Preview Content\"";
				DEVELOPMENT_TEAM = 9Y77YPRNV3;
				ENABLE_PREVIEWS = YES;
				GENERATE_INFOPLIST_FILE = YES;
				INFOPLIST_FILE = FigmaChallenge/Info.plist;
				INFOPLIST_KEY_UIApplicationSceneManifest_Generation = YES;
				INFOPLIST_KEY_UIApplicationSupportsIndirectInputEvents = YES;
				INFOPLIST_KEY_UILaunchScreen_Generation = YES;
				INFOPLIST_KEY_UISupportedInterfaceOrientations_iPad = "UIInterfaceOrientationPortrait UIInterfaceOrientationPortraitUpsideDown UIInterfaceOrientationLandscapeLeft UIInterfaceOrientationLandscapeRight";
				INFOPLIST_KEY_UISupportedInterfaceOrientations_iPhone = "UIInterfaceOrientationPortrait UIInterfaceOrientationLandscapeLeft UIInterfaceOrientationLandscapeRight";
				LD_RUNPATH_SEARCH_PATHS = (
					"$(inherited)",
					"@executable_path/Frameworks",
				);
				MARKETING_VERSION = 1.0;
				PRODUCT_BUNDLE_IDENTIFIER = com.deboralage.FigmaChallenge;
				PRODUCT_NAME = "$(TARGET_NAME)";
				SWIFT_EMIT_LOC_STRINGS = YES;
				SWIFT_VERSION = 5.0;
				TARGETED_DEVICE_FAMILY = "1,2";
			};
			name = Release;
		};
		D5C51C712C6C0FF1007D8A3D /* Debug */ = {
			isa = XCBuildConfiguration;
			buildSettings = {
				ALWAYS_EMBED_SWIFT_STANDARD_LIBRARIES = YES;
				BUNDLE_LOADER = "$(TEST_HOST)";
				CODE_SIGN_STYLE = Automatic;
				CURRENT_PROJECT_VERSION = 1;
				DEVELOPMENT_TEAM = 9Y77YPRNV3;
				GENERATE_INFOPLIST_FILE = YES;
				IPHONEOS_DEPLOYMENT_TARGET = 17.5;
				MARKETING_VERSION = 1.0;
				PRODUCT_BUNDLE_IDENTIFIER = com.deboralage.FigmaChallengeTests;
				PRODUCT_NAME = "$(TARGET_NAME)";
				SWIFT_EMIT_LOC_STRINGS = NO;
				SWIFT_VERSION = 5.0;
				TARGETED_DEVICE_FAMILY = "1,2";
				TEST_HOST = "$(BUILT_PRODUCTS_DIR)/FigmaChallenge.app/$(BUNDLE_EXECUTABLE_FOLDER_PATH)/FigmaChallenge";
			};
			name = Debug;
		};
		D5C51C722C6C0FF1007D8A3D /* Release */ = {
			isa = XCBuildConfiguration;
			buildSettings = {
				ALWAYS_EMBED_SWIFT_STANDARD_LIBRARIES = YES;
				BUNDLE_LOADER = "$(TEST_HOST)";
				CODE_SIGN_STYLE = Automatic;
				CURRENT_PROJECT_VERSION = 1;
				DEVELOPMENT_TEAM = 9Y77YPRNV3;
				GENERATE_INFOPLIST_FILE = YES;
				IPHONEOS_DEPLOYMENT_TARGET = 17.5;
				MARKETING_VERSION = 1.0;
				PRODUCT_BUNDLE_IDENTIFIER = com.deboralage.FigmaChallengeTests;
				PRODUCT_NAME = "$(TARGET_NAME)";
				SWIFT_EMIT_LOC_STRINGS = NO;
				SWIFT_VERSION = 5.0;
				TARGETED_DEVICE_FAMILY = "1,2";
				TEST_HOST = "$(BUILT_PRODUCTS_DIR)/FigmaChallenge.app/$(BUNDLE_EXECUTABLE_FOLDER_PATH)/FigmaChallenge";
			};
			name = Release;
		};
		D5C51C742C6C0FF1007D8A3D /* Debug */ = {
			isa = XCBuildConfiguration;
			buildSettings = {
				ALWAYS_EMBED_SWIFT_STANDARD_LIBRARIES = YES;
				CODE_SIGN_STYLE = Automatic;
				CURRENT_PROJECT_VERSION = 1;
				DEVELOPMENT_TEAM = 9Y77YPRNV3;
				GENERATE_INFOPLIST_FILE = YES;
				MARKETING_VERSION = 1.0;
				PRODUCT_BUNDLE_IDENTIFIER = com.deboralage.FigmaChallengeUITests;
				PRODUCT_NAME = "$(TARGET_NAME)";
				SWIFT_EMIT_LOC_STRINGS = NO;
				SWIFT_VERSION = 5.0;
				TARGETED_DEVICE_FAMILY = "1,2";
				TEST_TARGET_NAME = FigmaChallenge;
			};
			name = Debug;
		};
		D5C51C752C6C0FF1007D8A3D /* Release */ = {
			isa = XCBuildConfiguration;
			buildSettings = {
				ALWAYS_EMBED_SWIFT_STANDARD_LIBRARIES = YES;
				CODE_SIGN_STYLE = Automatic;
				CURRENT_PROJECT_VERSION = 1;
				DEVELOPMENT_TEAM = 9Y77YPRNV3;
				GENERATE_INFOPLIST_FILE = YES;
				MARKETING_VERSION = 1.0;
				PRODUCT_BUNDLE_IDENTIFIER = com.deboralage.FigmaChallengeUITests;
				PRODUCT_NAME = "$(TARGET_NAME)";
				SWIFT_EMIT_LOC_STRINGS = NO;
				SWIFT_VERSION = 5.0;
				TARGETED_DEVICE_FAMILY = "1,2";
				TEST_TARGET_NAME = FigmaChallenge;
			};
			name = Release;
		};
/* End XCBuildConfiguration section */

/* Begin XCConfigurationList section */
		D5C51C442C6C0FEF007D8A3D /* Build configuration list for PBXProject "FigmaChallenge" */ = {
			isa = XCConfigurationList;
			buildConfigurations = (
				D5C51C6B2C6C0FF1007D8A3D /* Debug */,
				D5C51C6C2C6C0FF1007D8A3D /* Release */,
			);
			defaultConfigurationIsVisible = 0;
			defaultConfigurationName = Release;
		};
		D5C51C6D2C6C0FF1007D8A3D /* Build configuration list for PBXNativeTarget "FigmaChallenge" */ = {
			isa = XCConfigurationList;
			buildConfigurations = (
				D5C51C6E2C6C0FF1007D8A3D /* Debug */,
				D5C51C6F2C6C0FF1007D8A3D /* Release */,
			);
			defaultConfigurationIsVisible = 0;
			defaultConfigurationName = Release;
		};
		D5C51C702C6C0FF1007D8A3D /* Build configuration list for PBXNativeTarget "FigmaChallengeTests" */ = {
			isa = XCConfigurationList;
			buildConfigurations = (
				D5C51C712C6C0FF1007D8A3D /* Debug */,
				D5C51C722C6C0FF1007D8A3D /* Release */,
			);
			defaultConfigurationIsVisible = 0;
			defaultConfigurationName = Release;
		};
		D5C51C732C6C0FF1007D8A3D /* Build configuration list for PBXNativeTarget "FigmaChallengeUITests" */ = {
			isa = XCConfigurationList;
			buildConfigurations = (
				D5C51C742C6C0FF1007D8A3D /* Debug */,
				D5C51C752C6C0FF1007D8A3D /* Release */,
			);
			defaultConfigurationIsVisible = 0;
			defaultConfigurationName = Release;
		};
/* End XCConfigurationList section */
	};
	rootObject = D5C51C412C6C0FEF007D8A3D /* Project object */;
}
